// !$*UTF8*$!
{
	archiveVersion = 1;
	classes = {
	};
	objectVersion = 48;
	objects = {

/* Begin PBXBuildFile section */
		103D0365206041F4006CF93A /* AppDelegate.swift in Sources */ = {isa = PBXBuildFile; fileRef = 103D0364206041F4006CF93A /* AppDelegate.swift */; };
		103D0367206041F4006CF93A /* ViewController.swift in Sources */ = {isa = PBXBuildFile; fileRef = 103D0366206041F4006CF93A /* ViewController.swift */; };
		103D036A206041F4006CF93A /* Main.storyboard in Resources */ = {isa = PBXBuildFile; fileRef = 103D0368206041F4006CF93A /* Main.storyboard */; };
		103D036C206041F4006CF93A /* Assets.xcassets in Resources */ = {isa = PBXBuildFile; fileRef = 103D036B206041F4006CF93A /* Assets.xcassets */; };
		103D036F206041F4006CF93A /* LaunchScreen.storyboard in Resources */ = {isa = PBXBuildFile; fileRef = 103D036D206041F4006CF93A /* LaunchScreen.storyboard */; };
		103D0379206042BA006CF93A /* CellViewModel.swift in Sources */ = {isa = PBXBuildFile; fileRef = 103D0378206042BA006CF93A /* CellViewModel.swift */; };
/* End PBXBuildFile section */

/* Begin PBXFileReference section */
		103D0361206041F4006CF93A /* CALayerSpeedDemo.app */ = {isa = PBXFileReference; explicitFileType = wrapper.application; includeInIndex = 0; path = CALayerSpeedDemo.app; sourceTree = BUILT_PRODUCTS_DIR; };
		103D0364206041F4006CF93A /* AppDelegate.swift */ = {isa = PBXFileReference; lastKnownFileType = sourcecode.swift; path = AppDelegate.swift; sourceTree = "<group>"; };
		103D0366206041F4006CF93A /* ViewController.swift */ = {isa = PBXFileReference; lastKnownFileType = sourcecode.swift; path = ViewController.swift; sourceTree = "<group>"; };
		103D0369206041F4006CF93A /* Base */ = {isa = PBXFileReference; lastKnownFileType = file.storyboard; name = Base; path = Base.lproj/Main.storyboard; sourceTree = "<group>"; };
		103D036B206041F4006CF93A /* Assets.xcassets */ = {isa = PBXFileReference; lastKnownFileType = folder.assetcatalog; path = Assets.xcassets; sourceTree = "<group>"; };
		103D036E206041F4006CF93A /* Base */ = {isa = PBXFileReference; lastKnownFileType = file.storyboard; name = Base; path = Base.lproj/LaunchScreen.storyboard; sourceTree = "<group>"; };
		103D0370206041F4006CF93A /* Info.plist */ = {isa = PBXFileReference; lastKnownFileType = text.plist.xml; path = Info.plist; sourceTree = "<group>"; };
		103D0378206042BA006CF93A /* CellViewModel.swift */ = {isa = PBXFileReference; lastKnownFileType = sourcecode.swift; path = CellViewModel.swift; sourceTree = "<group>"; };
/* End PBXFileReference section */

/* Begin PBXFrameworksBuildPhase section */
		103D035E206041F4006CF93A /* Frameworks */ = {
			isa = PBXFrameworksBuildPhase;
			buildActionMask = 2147483647;
			files = (
			);
			runOnlyForDeploymentPostprocessing = 0;
		};
/* End PBXFrameworksBuildPhase section */

/* Begin PBXGroup section */
		103D0358206041F4006CF93A = {
			isa = PBXGroup;
			children = (
				103D0363206041F4006CF93A /* CALayerSpeedDemo */,
				103D0362206041F4006CF93A /* Products */,
			);
			sourceTree = "<group>";
		};
		103D0362206041F4006CF93A /* Products */ = {
			isa = PBXGroup;
			children = (
				103D0361206041F4006CF93A /* CALayerSpeedDemo.app */,
			);
			name = Products;
			sourceTree = "<group>";
		};
		103D0363206041F4006CF93A /* CALayerSpeedDemo */ = {
			isa = PBXGroup;
			children = (
				103D0364206041F4006CF93A /* AppDelegate.swift */,
				103D0366206041F4006CF93A /* ViewController.swift */,
				103D0378206042BA006CF93A /* CellViewModel.swift */,
				103D0368206041F4006CF93A /* Main.storyboard */,
				103D036B206041F4006CF93A /* Assets.xcassets */,
				103D036D206041F4006CF93A /* LaunchScreen.storyboard */,
				103D0370206041F4006CF93A /* Info.plist */,
			);
			path = CALayerSpeedDemo;
			sourceTree = "<group>";
		};
/* End PBXGroup section */

/* Begin PBXNativeTarget section */
		103D0360206041F4006CF93A /* CALayerSpeedDemo */ = {
			isa = PBXNativeTarget;
			buildConfigurationList = 103D0373206041F4006CF93A /* Build configuration list for PBXNativeTarget "CALayerSpeedDemo" */;
			buildPhases = (
				103D035D206041F4006CF93A /* Sources */,
				103D035E206041F4006CF93A /* Frameworks */,
				103D035F206041F4006CF93A /* Resources */,
			);
			buildRules = (
			);
			dependencies = (
			);
			name = CALayerSpeedDemo;
			productName = CALayerSpeedDemo;
			productReference = 103D0361206041F4006CF93A /* CALayerSpeedDemo.app */;
			productType = "com.apple.product-type.application";
		};
/* End PBXNativeTarget section */

/* Begin PBXProject section */
		103D0359206041F4006CF93A /* Project object */ = {
			isa = PBXProject;
			attributes = {
				LastSwiftUpdateCheck = 0920;
				LastUpgradeCheck = 0920;
				ORGANIZATIONNAME = CraftAppCo;
				TargetAttributes = {
					103D0360206041F4006CF93A = {
						CreatedOnToolsVersion = 9.2;
						ProvisioningStyle = Automatic;
					};
				};
			};
			buildConfigurationList = 103D035C206041F4006CF93A /* Build configuration list for PBXProject "CALayerSpeedDemo" */;
			compatibilityVersion = "Xcode 8.0";
			developmentRegion = en;
			hasScannedForEncodings = 0;
			knownRegions = (
				en,
				Base,
			);
			mainGroup = 103D0358206041F4006CF93A;
			productRefGroup = 103D0362206041F4006CF93A /* Products */;
			projectDirPath = "";
			projectRoot = "";
			targets = (
				103D0360206041F4006CF93A /* CALayerSpeedDemo */,
			);
		};
/* End PBXProject section */

/* Begin PBXResourcesBuildPhase section */
		103D035F206041F4006CF93A /* Resources */ = {
			isa = PBXResourcesBuildPhase;
			buildActionMask = 2147483647;
			files = (
				103D036F206041F4006CF93A /* LaunchScreen.storyboard in Resources */,
				103D036C206041F4006CF93A /* Assets.xcassets in Resources */,
				103D036A206041F4006CF93A /* Main.storyboard in Resources */,
			);
			runOnlyForDeploymentPostprocessing = 0;
		};
/* End PBXResourcesBuildPhase section */

/* Begin PBXSourcesBuildPhase section */
		103D035D206041F4006CF93A /* Sources */ = {
			isa = PBXSourcesBuildPhase;
			buildActionMask = 2147483647;
			files = (
				103D0367206041F4006CF93A /* ViewController.swift in Sources */,
				103D0379206042BA006CF93A /* CellViewModel.swift in Sources */,
				103D0365206041F4006CF93A /* AppDelegate.swift in Sources */,
			);
			runOnlyForDeploymentPostprocessing = 0;
		};
/* End PBXSourcesBuildPhase section */

/* Begin PBXVariantGroup section */
		103D0368206041F4006CF93A /* Main.storyboard */ = {
			isa = PBXVariantGroup;
			children = (
				103D0369206041F4006CF93A /* Base */,
			);
			name = Main.storyboard;
			sourceTree = "<group>";
		};
		103D036D206041F4006CF93A /* LaunchScreen.storyboard */ = {
			isa = PBXVariantGroup;
			children = (
				103D036E206041F4006CF93A /* Base */,
			);
			name = LaunchScreen.storyboard;
			sourceTree = "<group>";
		};
/* End PBXVariantGroup section */

/* Begin XCBuildConfiguration section */
		103D0371206041F4006CF93A /* Debug */ = {
			isa = XCBuildConfiguration;
			buildSettings = {
				ALWAYS_SEARCH_USER_PATHS = NO;
				CLANG_ANALYZER_NONNULL = YES;
				CLANG_ANALYZER_NUMBER_OBJECT_CONVERSION = YES_AGGRESSIVE;
				CLANG_CXX_LANGUAGE_STANDARD = "gnu++14";
				CLANG_CXX_LIBRARY = "libc++";
				CLANG_ENABLE_MODULES = YES;
				CLANG_ENABLE_OBJC_ARC = YES;
				CLANG_WARN_BLOCK_CAPTURE_AUTORELEASING = YES;
				CLANG_WARN_BOOL_CONVERSION = YES;
				CLANG_WARN_COMMA = YES;
				CLANG_WARN_CONSTANT_CONVERSION = YES;
				CLANG_WARN_DIRECT_OBJC_ISA_USAGE = YES_ERROR;
				CLANG_WARN_DOCUMENTATION_COMMENTS = YES;
				CLANG_WARN_EMPTY_BODY = YES;
				CLANG_WARN_ENUM_CONVERSION = YES;
				CLANG_WARN_INFINITE_RECURSION = YES;
				CLANG_WARN_INT_CONVERSION = YES;
				CLANG_WARN_NON_LITERAL_NULL_CONVERSION = YES;
				CLANG_WARN_OBJC_LITERAL_CONVERSION = YES;
				CLANG_WARN_OBJC_ROOT_CLASS = YES_ERROR;
				CLANG_WARN_RANGE_LOOP_ANALYSIS = YES;
				CLANG_WARN_STRICT_PROTOTYPES = YES;
				CLANG_WARN_SUSPICIOUS_MOVE = YES;
				CLANG_WARN_UNGUARDED_AVAILABILITY = YES_AGGRESSIVE;
				CLANG_WARN_UNREACHABLE_CODE = YES;
				CLANG_WARN__DUPLICATE_METHOD_MATCH = YES;
				CODE_SIGN_IDENTITY = "iPhone Developer";
				COPY_PHASE_STRIP = NO;
				DEBUG_INFORMATION_FORMAT = dwarf;
				ENABLE_STRICT_OBJC_MSGSEND = YES;
				ENABLE_TESTABILITY = YES;
				GCC_C_LANGUAGE_STANDARD = gnu11;
				GCC_DYNAMIC_NO_PIC = NO;
				GCC_NO_COMMON_BLOCKS = YES;
				GCC_OPTIMIZATION_LEVEL = 0;
				GCC_PREPROCESSOR_DEFINITIONS = (
					"DEBUG=1",
					"$(inherited)",
				);
				GCC_WARN_64_TO_32_BIT_CONVERSION = YES;
				GCC_WARN_ABOUT_RETURN_TYPE = YES_ERROR;
				GCC_WARN_UNDECLARED_SELECTOR = YES;
				GCC_WARN_UNINITIALIZED_AUTOS = YES_AGGRESSIVE;
				GCC_WARN_UNUSED_FUNCTION = YES;
				GCC_WARN_UNUSED_VARIABLE = YES;
				IPHONEOS_DEPLOYMENT_TARGET = 11.2;
				MTL_ENABLE_DEBUG_INFO = YES;
				ONLY_ACTIVE_ARCH = YES;
				SDKROOT = iphoneos;
				SWIFT_ACTIVE_COMPILATION_CONDITIONS = DEBUG;
				SWIFT_OPTIMIZATION_LEVEL = "-Onone";
			};
			name = Debug;
		};
		103D0372206041F4006CF93A /* Release */ = {
			isa = XCBuildConfiguration;
			buildSettings = {
				ALWAYS_SEARCH_USER_PATHS = NO;
				CLANG_ANALYZER_NONNULL = YES;
				CLANG_ANALYZER_NUMBER_OBJECT_CONVERSION = YES_AGGRESSIVE;
				CLANG_CXX_LANGUAGE_STANDARD = "gnu++14";
				CLANG_CXX_LIBRARY = "libc++";
				CLANG_ENABLE_MODULES = YES;
				CLANG_ENABLE_OBJC_ARC = YES;
				CLANG_WARN_BLOCK_CAPTURE_AUTORELEASING = YES;
				CLANG_WARN_BOOL_CONVERSION = YES;
				CLANG_WARN_COMMA = YES;
				CLANG_WARN_CONSTANT_CONVERSION = YES;
				CLANG_WARN_DIRECT_OBJC_ISA_USAGE = YES_ERROR;
				CLANG_WARN_DOCUMENTATION_COMMENTS = YES;
				CLANG_WARN_EMPTY_BODY = YES;
				CLANG_WARN_ENUM_CONVERSION = YES;
				CLANG_WARN_INFINITE_RECURSION = YES;
				CLANG_WARN_INT_CONVERSION = YES;
				CLANG_WARN_NON_LITERAL_NULL_CONVERSION = YES;
				CLANG_WARN_OBJC_LITERAL_CONVERSION = YES;
				CLANG_WARN_OBJC_ROOT_CLASS = YES_ERROR;
				CLANG_WARN_RANGE_LOOP_ANALYSIS = YES;
				CLANG_WARN_STRICT_PROTOTYPES = YES;
				CLANG_WARN_SUSPICIOUS_MOVE = YES;
				CLANG_WARN_UNGUARDED_AVAILABILITY = YES_AGGRESSIVE;
				CLANG_WARN_UNREACHABLE_CODE = YES;
				CLANG_WARN__DUPLICATE_METHOD_MATCH = YES;
				CODE_SIGN_IDENTITY = "iPhone Developer";
				COPY_PHASE_STRIP = NO;
				DEBUG_INFORMATION_FORMAT = "dwarf-with-dsym";
				ENABLE_NS_ASSERTIONS = NO;
				ENABLE_STRICT_OBJC_MSGSEND = YES;
				GCC_C_LANGUAGE_STANDARD = gnu11;
				GCC_NO_COMMON_BLOCKS = YES;
				GCC_WARN_64_TO_32_BIT_CONVERSION = YES;
				GCC_WARN_ABOUT_RETURN_TYPE = YES_ERROR;
				GCC_WARN_UNDECLARED_SELECTOR = YES;
				GCC_WARN_UNINITIALIZED_AUTOS = YES_AGGRESSIVE;
				GCC_WARN_UNUSED_FUNCTION = YES;
				GCC_WARN_UNUSED_VARIABLE = YES;
				IPHONEOS_DEPLOYMENT_TARGET = 11.2;
				MTL_ENABLE_DEBUG_INFO = NO;
				SDKROOT = iphoneos;
				SWIFT_OPTIMIZATION_LEVEL = "-Owholemodule";
				VALIDATE_PRODUCT = YES;
			};
			name = Release;
		};
		103D0374206041F4006CF93A /* Debug */ = {
			isa = XCBuildConfiguration;
			buildSettings = {
				ASSETCATALOG_COMPILER_APPICON_NAME = AppIcon;
				CODE_SIGN_STYLE = Automatic;
				DEVELOPMENT_TEAM = MXD8E5FVZ4;
				INFOPLIST_FILE = CALayerSpeedDemo/Info.plist;
				IPHONEOS_DEPLOYMENT_TARGET = 11.0;
				LD_RUNPATH_SEARCH_PATHS = "$(inherited) @executable_path/Frameworks";
				PRODUCT_BUNDLE_IDENTIFIER = com.craftappco.CALayerSpeedDemo;
				PRODUCT_NAME = "$(TARGET_NAME)";
				SWIFT_VERSION = 4.0;
				TARGETED_DEVICE_FAMILY = "1,2";
			};
			name = Debug;
		};
		103D0375206041F4006CF93A /* Release */ = {
			isa = XCBuildConfiguration;
			buildSettings = {
				ASSETCATALOG_COMPILER_APPICON_NAME = AppIcon;
				CODE_SIGN_STYLE = Automatic;
				DEVELOPMENT_TEAM = MXD8E5FVZ4;
				INFOPLIST_FILE = CALayerSpeedDemo/Info.plist;
				IPHONEOS_DEPLOYMENT_TARGET = 11.0;
				LD_RUNPATH_SEARCH_PATHS = "$(inherited) @executable_path/Frameworks";
				PRODUCT_BUNDLE_IDENTIFIER = com.craftappco.CALayerSpeedDemo;
				PRODUCT_NAME = "$(TARGET_NAME)";
				SWIFT_VERSION = 4.0;
				TARGETED_DEVICE_FAMILY = "1,2";
			};
			name = Release;
		};
/* End XCBuildConfiguration section */

/* Begin XCConfigurationList section */
		103D035C206041F4006CF93A /* Build configuration list for PBXProject "CALayerSpeedDemo" */ = {
			isa = XCConfigurationList;
			buildConfigurations = (
				103D0371206041F4006CF93A /* Debug */,
				103D0372206041F4006CF93A /* Release */,
			);
			defaultConfigurationIsVisible = 0;
			defaultConfigurationName = Release;
		};
		103D0373206041F4006CF93A /* Build configuration list for PBXNativeTarget "CALayerSpeedDemo" */ = {
			isa = XCConfigurationList;
			buildConfigurations = (
				103D0374206041F4006CF93A /* Debug */,
				103D0375206041F4006CF93A /* Release */,
			);
			defaultConfigurationIsVisible = 0;
			defaultConfigurationName = Release;
		};
/* End XCConfigurationList section */
	};
	rootObject = 103D0359206041F4006CF93A /* Project object */;
}
